
Microsoft Visual Studio Solution File, Format Version 12.00
# Visual Studio 15
VisualStudioVersion = 15.0.28307.1259
MinimumVisualStudioVersion = 10.0.40219.1
Project("{FAE04EC0-301F-11D3-BF4B-00C04F79EFBC}") = "WCWebService", "WCWebService2\WCWebService.csproj", "{17BD5E8C-745B-484C-970C-F929F5E06957}"
EndProject
Global
	GlobalSection(SolutionConfigurationPlatforms) = preSolution
		Debug|Any CPU = Debug|Any CPU
		Release|Any CPU = Release|Any CPU
	EndGlobalSection
	GlobalSection(ProjectConfigurationPlatforms) = postSolution
		{17BD5E8C-745B-484C-970C-F929F5E06957}.Debug|Any CPU.ActiveCfg = Debug|Any CPU
		{17BD5E8C-745B-484C-970C-F929F5E06957}.Debug|Any CPU.Build.0 = Debug|Any CPU
		{17BD5E8C-745B-484C-970C-F929F5E06957}.Release|Any CPU.ActiveCfg = Release|Any CPU
		{17BD5E8C-745B-484C-970C-F929F5E06957}.Release|Any CPU.Build.0 = Release|Any CPU
	EndGlobalSection
	GlobalSection(SolutionProperties) = preSolution
		HideSolutionNode = FALSE
	EndGlobalSection
	GlobalSection(ExtensibilityGlobals) = postSolution
		SolutionGuid = {B7B9178A-B379-4BD5-816A-4ABFDA3AF583}
	EndGlobalSection
EndGlobal
